
Microsoft Visual Studio Solution File, Format Version 11.00
# Visual Studio 2010
Project("{FAE04EC0-301F-11D3-BF4B-00C04F79EFBC}") = "DepartamentoDeEstadoBI", "DepartamentoDeEstadoBI\DepartamentoDeEstadoBI.csproj", "{B4123DB7-1924-481F-9351-AE8B7BF52298}"
EndProject
Project("{FAE04EC0-301F-11D3-BF4B-00C04F79EFBC}") = "DepartamentoDeEstadoData", "DepartamentoDeEstadoData\DepartamentoDeEstadoData.csproj", "{88713FC6-F061-4148-B5C7-3BFD400402D9}"
EndProject
Global
	GlobalSection(SolutionConfigurationPlatforms) = preSolution
		Debug|Any CPU = Debug|Any CPU
		Release|Any CPU = Release|Any CPU
	EndGlobalSection
	GlobalSection(ProjectConfigurationPlatforms) = postSolution
		{B4123DB7-1924-481F-9351-AE8B7BF52298}.Debug|Any CPU.ActiveCfg = Debug|Any CPU
		{B4123DB7-1924-481F-9351-AE8B7BF52298}.Debug|Any CPU.Build.0 = Debug|Any CPU
		{B4123DB7-1924-481F-9351-AE8B7BF52298}.Release|Any CPU.ActiveCfg = Release|Any CPU
		{B4123DB7-1924-481F-9351-AE8B7BF52298}.Release|Any CPU.Build.0 = Release|Any CPU
		{88713FC6-F061-4148-B5C7-3BFD400402D9}.Debug|Any CPU.ActiveCfg = Debug|Any CPU
		{88713FC6-F061-4148-B5C7-3BFD400402D9}.Debug|Any CPU.Build.0 = Debug|Any CPU
		{88713FC6-F061-4148-B5C7-3BFD400402D9}.Release|Any CPU.ActiveCfg = Release|Any CPU
		{88713FC6-F061-4148-B5C7-3BFD400402D9}.Release|Any CPU.Build.0 = Release|Any CPU
	EndGlobalSection
	GlobalSection(SolutionProperties) = preSolution
		HideSolutionNode = FALSE
	EndGlobalSection
EndGlobal
